# This file is generated by running "yarn install" inside your project.
# Manual changes might be lost - proceed with caution!

__metadata:
  version: 6
  cacheKey: 8

"@zeepkist/combine@npm:2.2.0":
  version: 2.2.0
  resolution: "@zeepkist/combine@npm:2.2.0"
  dependencies:
    commander: ~10.0.0
    csv-parse: ~5.3.3
  dependenciesMeta:
    esbuild:
      built: true
  bin:
    super-league: dist/cli.js
  checksum: ba375424645793959f79995dd577bc5b79e6a0e7f50b636857578c0b1e4a2d36749b46027da653718674b69ea7a5ff3b4b7bfbd5cb456eb42c3bee4c1767d2bb
  languageName: node
  linkType: hard

"commander@npm:~10.0.0":
  version: 10.0.0
  resolution: "commander@npm:10.0.0"
  checksum: 9f6495651f878213005ac744dd87a85fa3d9f2b8b90d1c19d0866d666bda7f735adfd7c2f10dfff345782e2f80ea258f98bb4efcef58e4e502f25f883940acfd
  languageName: node
  linkType: hard

"csv-parse@npm:~5.3.3":
  version: 5.3.6
  resolution: "csv-parse@npm:5.3.6"
  checksum: a6dcb61a0676121e84a29cdee4978a0516d1412fbe8895057d17e1a95a2013e6283b253135465ad562222d095988a74587d92b2fa04192bef15090acce2a0433
  languageName: node
  linkType: hard

"root-workspace-0b6124@workspace:.":
  version: 0.0.0-use.local
  resolution: "root-workspace-0b6124@workspace:."
  dependencies:
    "@zeepkist/combine": 2.2.0
  languageName: unknown
  linkType: soft
