# This file is generated by running "yarn install" inside your project.
# Manual changes might be lost - proceed with caution!

__metadata:
  version: 6
  cacheKey: 8

"@zeepkist/combine@npm:2.2.1":
  version: 2.2.1
  resolution: "@zeepkist/combine@npm:2.2.1"
  dependencies:
    commander: ~10.0.0
    csv-parse: ~5.3.3
  dependenciesMeta:
    esbuild:
      built: true
  bin:
    super-league: dist/cli.js
  checksum: 106ac1f1164a4134ee6237690e70efb18f0f2684dbde3226f71794f2ecd2a8d23dc0c2f4d05b4f502cb20b0cb42a26da772f463e63b07b8b2bacfcee12685d66
  languageName: node
  linkType: hard

"commander@npm:~10.0.0":
  version: 10.0.0
  resolution: "commander@npm:10.0.0"
  checksum: 9f6495651f878213005ac744dd87a85fa3d9f2b8b90d1c19d0866d666bda7f735adfd7c2f10dfff345782e2f80ea258f98bb4efcef58e4e502f25f883940acfd
  languageName: node
  linkType: hard

"csv-parse@npm:~5.3.3":
  version: 5.3.6
  resolution: "csv-parse@npm:5.3.6"
  checksum: a6dcb61a0676121e84a29cdee4978a0516d1412fbe8895057d17e1a95a2013e6283b253135465ad562222d095988a74587d92b2fa04192bef15090acce2a0433
  languageName: node
  linkType: hard

"root-workspace-0b6124@workspace:.":
  version: 0.0.0-use.local
  resolution: "root-workspace-0b6124@workspace:."
  dependencies:
    "@zeepkist/combine": 2.2.1
  languageName: unknown
  linkType: soft
